dependencies:
  espressif/led_strip:
    component_hash: 67d2744208e9c12d8b1992d21c979396c1726e57cb7e35e7c171c515be20f8ea
    source:
      storage_url: file:///E:/DATA/Espressif/registry
      type: service
    version: 2.5.3
  idf:
    component_hash: null
    source:
      type: idf
    version: 5.2.0
manifest_hash: cd346dc24cf4041a98b072ebad24b5b04113f31914cf42fd5adaba44bcdcea13
target: esp32
version: 1.0.0
